
Microsoft Visual Studio Solution File, Format Version 12.00
# Visual Studio Version 16
VisualStudioVersion = 16.0.29609.76
MinimumVisualStudioVersion = 10.0.40219.1
Project("{FAE04EC0-301F-11D3-BF4B-00C04F79EFBC}") = "PocketCalculator", "PocketCalculator\PocketCalculator.csproj", "{8973192A-8BF5-4367-B7F0-E50F18AEBA87}"
EndProject
Global
	GlobalSection(SolutionConfigurationPlatforms) = preSolution
		Debug|Any CPU = Debug|Any CPU
		Release|Any CPU = Release|Any CPU
	EndGlobalSection
	GlobalSection(ProjectConfigurationPlatforms) = postSolution
		{8973192A-8BF5-4367-B7F0-E50F18AEBA87}.Debug|Any CPU.ActiveCfg = Debug|Any CPU
		{8973192A-8BF5-4367-B7F0-E50F18AEBA87}.Debug|Any CPU.Build.0 = Debug|Any CPU
		{8973192A-8BF5-4367-B7F0-E50F18AEBA87}.Release|Any CPU.ActiveCfg = Release|Any CPU
		{8973192A-8BF5-4367-B7F0-E50F18AEBA87}.Release|Any CPU.Build.0 = Release|Any CPU
	EndGlobalSection
	GlobalSection(SolutionProperties) = preSolution
		HideSolutionNode = FALSE
	EndGlobalSection
	GlobalSection(ExtensibilityGlobals) = postSolution
		SolutionGuid = {BE8DA046-2E1F-44C9-B96C-5FDED2048866}
	EndGlobalSection
EndGlobal
